{
  "sources": {
    "git": {
      "locked_version": "2.5.2"
    },
    "ntp": {
      "locked_version": "1.3.2"
    },
    "chef-client": {
      "locked_version": "2.2.4"
    },
    "hostname": {
      "locked_version": "0.0.6"
    },
    "gloto-chef-cookbook": {
      "locked_version": "0.1.0",
      "git": "https://github.com/Gloto/gloto-chef-cookbook.git",
      "ref": "4b52908f1b54c667fec32c8b525b7f37199d1db9"
    },
    "dmg": {
      "locked_version": "1.1.0"
    },
    "build-essential": {
      "locked_version": "1.4.0"
    },
    "yum": {
      "locked_version": "2.2.2"
    },
    "windows": {
      "locked_version": "1.9.0"
    },
    "chef_handler": {
      "locked_version": "1.1.4"
    },
    "runit": {
      "locked_version": "1.1.4"
    },
    "cron": {
      "locked_version": "1.2.4"
    },
    "hostsfile": {
      "locked_version": "1.0.1"
    }
  }
}
